// !$*UTF8*$!
{
	archiveVersion = 1;
	classes = {
	};
	objectVersion = 55;
	objects = {

/* Begin PBXBuildFile section */
		1F2C634D2AD282AF00179162 /* AddImageViewController.swift in Sources */ = {isa = PBXBuildFile; fileRef = 1F2C634C2AD282AF00179162 /* AddImageViewController.swift */; };
		1F2C634F2AD2891D00179162 /* UIImage  + Extensions.swift in Sources */ = {isa = PBXBuildFile; fileRef = 1F2C634E2AD2891D00179162 /* UIImage  + Extensions.swift */; };
		1F2C63532AD30B2B00179162 /* UIButton + Extensions.swift in Sources */ = {isa = PBXBuildFile; fileRef = 1F2C63522AD30B2A00179162 /* UIButton + Extensions.swift */; };
		1F2C63562AD3281100179162 /* DatabaseService.swift in Sources */ = {isa = PBXBuildFile; fileRef = 1F2C63552AD3281100179162 /* DatabaseService.swift */; };
		1F2C63592AD32BCB00179162 /* LocalUser.swift in Sources */ = {isa = PBXBuildFile; fileRef = 1F2C63582AD32BCB00179162 /* LocalUser.swift */; };
		1F2C635B2AD33E0D00179162 /* FirebaseFirestore in Frameworks */ = {isa = PBXBuildFile; productRef = 1F2C635A2AD33E0D00179162 /* FirebaseFirestore */; };
		1F2C635D2AD45F7700179162 /* FirebaseAuthPhoneService.swift in Sources */ = {isa = PBXBuildFile; fileRef = 1F2C635C2AD45F7600179162 /* FirebaseAuthPhoneService.swift */; };
		1F64408C2ADD59B10044E9F4 /* ProfileIfoTextView.swift in Sources */ = {isa = PBXBuildFile; fileRef = 1F64408B2ADD59B10044E9F4 /* ProfileIfoTextView.swift */; };
		1F64408F2ADDB3850044E9F4 /* LoginViewController.swift in Sources */ = {isa = PBXBuildFile; fileRef = 1F64408E2ADDB3850044E9F4 /* LoginViewController.swift */; };
		1F6CBF062AC0393B00616FA2 /* AppDelegate.swift in Sources */ = {isa = PBXBuildFile; fileRef = 1F6CBF052AC0393B00616FA2 /* AppDelegate.swift */; };
		1F6CBF082AC0393C00616FA2 /* SceneDelegate.swift in Sources */ = {isa = PBXBuildFile; fileRef = 1F6CBF072AC0393C00616FA2 /* SceneDelegate.swift */; };
		1F6CBF0A2AC0393C00616FA2 /* ViewController.swift in Sources */ = {isa = PBXBuildFile; fileRef = 1F6CBF092AC0393C00616FA2 /* ViewController.swift */; };
		1F6CBF0D2AC0393C00616FA2 /* Main.storyboard in Resources */ = {isa = PBXBuildFile; fileRef = 1F6CBF0B2AC0393C00616FA2 /* Main.storyboard */; };
		1F6CBF0F2AC0393F00616FA2 /* Assets.xcassets in Resources */ = {isa = PBXBuildFile; fileRef = 1F6CBF0E2AC0393F00616FA2 /* Assets.xcassets */; };
		1F6CBF122AC0393F00616FA2 /* LaunchScreen.storyboard in Resources */ = {isa = PBXBuildFile; fileRef = 1F6CBF102AC0393F00616FA2 /* LaunchScreen.storyboard */; };
		1F6CBF1C2AC042A000616FA2 /* GoogleService-Info.plist in Resources */ = {isa = PBXBuildFile; fileRef = 1F6CBF1B2AC042A000616FA2 /* GoogleService-Info.plist */; };
		1F6CBF202AC0441D00616FA2 /* FirebaseAuth in Frameworks */ = {isa = PBXBuildFile; productRef = 1F6CBF1F2AC0441D00616FA2 /* FirebaseAuth */; };
		1F6CBF222AC0441D00616FA2 /* FirebaseDatabase in Frameworks */ = {isa = PBXBuildFile; productRef = 1F6CBF212AC0441D00616FA2 /* FirebaseDatabase */; };
		1F6CBF242AC0441D00616FA2 /* FirebaseDatabaseSwift in Frameworks */ = {isa = PBXBuildFile; productRef = 1F6CBF232AC0441D00616FA2 /* FirebaseDatabaseSwift */; };
		1F6CBF262AC0441D00616FA2 /* FirebaseStorage in Frameworks */ = {isa = PBXBuildFile; productRef = 1F6CBF252AC0441D00616FA2 /* FirebaseStorage */; };
		1F6CBF292AC0598C00616FA2 /* EnterPhoneNumberViewController.swift in Sources */ = {isa = PBXBuildFile; fileRef = 1F6CBF272AC0598C00616FA2 /* EnterPhoneNumberViewController.swift */; };
		1F6CBF2A2AC0598C00616FA2 /* EnterPhoneNumberViewController.xib in Resources */ = {isa = PBXBuildFile; fileRef = 1F6CBF282AC0598C00616FA2 /* EnterPhoneNumberViewController.xib */; };
		1F7ABC172AD9DDCF00DA36E5 /* UILabel + Extensions.swift in Sources */ = {isa = PBXBuildFile; fileRef = 1F7ABC162AD9DDCF00DA36E5 /* UILabel + Extensions.swift */; };
		1FB1A5BE2ACC150D00F83370 /* VerifyTextField.swift in Sources */ = {isa = PBXBuildFile; fileRef = 1FB1A5BD2ACC150D00F83370 /* VerifyTextField.swift */; };
		1FB1A5C12ACC17E400F83370 /* VerifyCodeViewController.swift in Sources */ = {isa = PBXBuildFile; fileRef = 1FB1A5BF2ACC17E400F83370 /* VerifyCodeViewController.swift */; };
		1FB1A5C22ACC17E400F83370 /* VerifyCodeViewController.xib in Resources */ = {isa = PBXBuildFile; fileRef = 1FB1A5C02ACC17E400F83370 /* VerifyCodeViewController.xib */; };
		1FB1A5C42ACC183E00F83370 /* VerifyView.swift in Sources */ = {isa = PBXBuildFile; fileRef = 1FB1A5C32ACC183E00F83370 /* VerifyView.swift */; };
		1FB1A5C72ACD312900F83370 /* UIViewController + Extensions.swift in Sources */ = {isa = PBXBuildFile; fileRef = 1FB1A5C62ACD312900F83370 /* UIViewController + Extensions.swift */; };
		1FB1A5F02AD1A8FA00F83370 /* DataTextField.swift in Sources */ = {isa = PBXBuildFile; fileRef = 1FB1A5EF2AD1A8F900F83370 /* DataTextField.swift */; };
		1FB1A5F22AD1A90900F83370 /* DataViewController.swift in Sources */ = {isa = PBXBuildFile; fileRef = 1FB1A5F12AD1A90900F83370 /* DataViewController.swift */; };
		1FB1A5F42AD1A92C00F83370 /* DataView.swift in Sources */ = {isa = PBXBuildFile; fileRef = 1FB1A5F32AD1A92C00F83370 /* DataView.swift */; };
		1FFF6E7F2ADB3AC100CFC6A2 /* RealtimeDatabaseServise.swift in Sources */ = {isa = PBXBuildFile; fileRef = 1FFF6E7E2ADB3AC100CFC6A2 /* RealtimeDatabaseServise.swift */; };
		1FFF6E832ADBE6FB00CFC6A2 /* UIImageView + Extensions.swift in Sources */ = {isa = PBXBuildFile; fileRef = 1FFF6E822ADBE6FB00CFC6A2 /* UIImageView + Extensions.swift */; };
		1FFF6E852ADC00CE00CFC6A2 /* ProfileViewController.swift in Sources */ = {isa = PBXBuildFile; fileRef = 1FFF6E842ADC00CE00CFC6A2 /* ProfileViewController.swift */; };
		A0BDDE97605993E0971FEC7E /* Pods_RegFlow.framework in Frameworks */ = {isa = PBXBuildFile; fileRef = AD0E23133F1A4BCF1548BA73 /* Pods_RegFlow.framework */; };
/* End PBXBuildFile section */

/* Begin PBXFileReference section */
		08E75FA5FBCE3A62BF6074C9 /* Pods-RegFlow.debug.xcconfig */ = {isa = PBXFileReference; includeInIndex = 1; lastKnownFileType = text.xcconfig; name = "Pods-RegFlow.debug.xcconfig"; path = "Target Support Files/Pods-RegFlow/Pods-RegFlow.debug.xcconfig"; sourceTree = "<group>"; };
		1F2C634C2AD282AF00179162 /* AddImageViewController.swift */ = {isa = PBXFileReference; lastKnownFileType = sourcecode.swift; path = AddImageViewController.swift; sourceTree = "<group>"; };
		1F2C634E2AD2891D00179162 /* UIImage  + Extensions.swift */ = {isa = PBXFileReference; lastKnownFileType = sourcecode.swift; path = "UIImage  + Extensions.swift"; sourceTree = "<group>"; };
		1F2C63522AD30B2A00179162 /* UIButton + Extensions.swift */ = {isa = PBXFileReference; lastKnownFileType = sourcecode.swift; path = "UIButton + Extensions.swift"; sourceTree = "<group>"; };
		1F2C63552AD3281100179162 /* DatabaseService.swift */ = {isa = PBXFileReference; lastKnownFileType = sourcecode.swift; path = DatabaseService.swift; sourceTree = "<group>"; };
		1F2C63582AD32BCB00179162 /* LocalUser.swift */ = {isa = PBXFileReference; lastKnownFileType = sourcecode.swift; path = LocalUser.swift; sourceTree = "<group>"; };
		1F2C635C2AD45F7600179162 /* FirebaseAuthPhoneService.swift */ = {isa = PBXFileReference; lastKnownFileType = sourcecode.swift; path = FirebaseAuthPhoneService.swift; sourceTree = "<group>"; };
		1F64408B2ADD59B10044E9F4 /* ProfileIfoTextView.swift */ = {isa = PBXFileReference; lastKnownFileType = sourcecode.swift; path = ProfileIfoTextView.swift; sourceTree = "<group>"; };
		1F64408E2ADDB3850044E9F4 /* LoginViewController.swift */ = {isa = PBXFileReference; lastKnownFileType = sourcecode.swift; path = LoginViewController.swift; sourceTree = "<group>"; };
		1F6CBF022AC0393B00616FA2 /* RegFlow.app */ = {isa = PBXFileReference; explicitFileType = wrapper.application; includeInIndex = 0; path = RegFlow.app; sourceTree = BUILT_PRODUCTS_DIR; };
		1F6CBF052AC0393B00616FA2 /* AppDelegate.swift */ = {isa = PBXFileReference; lastKnownFileType = sourcecode.swift; path = AppDelegate.swift; sourceTree = "<group>"; };
		1F6CBF072AC0393C00616FA2 /* SceneDelegate.swift */ = {isa = PBXFileReference; lastKnownFileType = sourcecode.swift; path = SceneDelegate.swift; sourceTree = "<group>"; };
		1F6CBF092AC0393C00616FA2 /* ViewController.swift */ = {isa = PBXFileReference; lastKnownFileType = sourcecode.swift; path = ViewController.swift; sourceTree = "<group>"; };
		1F6CBF0C2AC0393C00616FA2 /* Base */ = {isa = PBXFileReference; lastKnownFileType = file.storyboard; name = Base; path = Base.lproj/Main.storyboard; sourceTree = "<group>"; };
		1F6CBF0E2AC0393F00616FA2 /* Assets.xcassets */ = {isa = PBXFileReference; lastKnownFileType = folder.assetcatalog; path = Assets.xcassets; sourceTree = "<group>"; };
		1F6CBF112AC0393F00616FA2 /* Base */ = {isa = PBXFileReference; lastKnownFileType = file.storyboard; name = Base; path = Base.lproj/LaunchScreen.storyboard; sourceTree = "<group>"; };
		1F6CBF132AC0393F00616FA2 /* Info.plist */ = {isa = PBXFileReference; lastKnownFileType = text.plist.xml; path = Info.plist; sourceTree = "<group>"; };
		1F6CBF1B2AC042A000616FA2 /* GoogleService-Info.plist */ = {isa = PBXFileReference; fileEncoding = 4; lastKnownFileType = text.plist.xml; path = "GoogleService-Info.plist"; sourceTree = "<group>"; };
		1F6CBF272AC0598C00616FA2 /* EnterPhoneNumberViewController.swift */ = {isa = PBXFileReference; lastKnownFileType = sourcecode.swift; path = EnterPhoneNumberViewController.swift; sourceTree = "<group>"; };
		1F6CBF282AC0598C00616FA2 /* EnterPhoneNumberViewController.xib */ = {isa = PBXFileReference; lastKnownFileType = file.xib; path = EnterPhoneNumberViewController.xib; sourceTree = "<group>"; };
		1F7ABC162AD9DDCF00DA36E5 /* UILabel + Extensions.swift */ = {isa = PBXFileReference; lastKnownFileType = sourcecode.swift; path = "UILabel + Extensions.swift"; sourceTree = "<group>"; };
		1FB1A5BD2ACC150D00F83370 /* VerifyTextField.swift */ = {isa = PBXFileReference; lastKnownFileType = sourcecode.swift; path = VerifyTextField.swift; sourceTree = "<group>"; };
		1FB1A5BF2ACC17E400F83370 /* VerifyCodeViewController.swift */ = {isa = PBXFileReference; lastKnownFileType = sourcecode.swift; path = VerifyCodeViewController.swift; sourceTree = "<group>"; };
		1FB1A5C02ACC17E400F83370 /* VerifyCodeViewController.xib */ = {isa = PBXFileReference; lastKnownFileType = file.xib; path = VerifyCodeViewController.xib; sourceTree = "<group>"; };
		1FB1A5C32ACC183E00F83370 /* VerifyView.swift */ = {isa = PBXFileReference; lastKnownFileType = sourcecode.swift; path = VerifyView.swift; sourceTree = "<group>"; };
		1FB1A5C62ACD312900F83370 /* UIViewController + Extensions.swift */ = {isa = PBXFileReference; lastKnownFileType = sourcecode.swift; path = "UIViewController + Extensions.swift"; sourceTree = "<group>"; };
		1FB1A5EF2AD1A8F900F83370 /* DataTextField.swift */ = {isa = PBXFileReference; fileEncoding = 4; lastKnownFileType = sourcecode.swift; name = DataTextField.swift; path = ../../../TeSSSttt/TeSSSttt/DataVC/DataTextField.swift; sourceTree = "<group>"; };
		1FB1A5F12AD1A90900F83370 /* DataViewController.swift */ = {isa = PBXFileReference; fileEncoding = 4; lastKnownFileType = sourcecode.swift; path = DataViewController.swift; sourceTree = "<group>"; };
		1FB1A5F32AD1A92C00F83370 /* DataView.swift */ = {isa = PBXFileReference; fileEncoding = 4; lastKnownFileType = sourcecode.swift; path = DataView.swift; sourceTree = "<group>"; };
		1FFF6E7E2ADB3AC100CFC6A2 /* RealtimeDatabaseServise.swift */ = {isa = PBXFileReference; lastKnownFileType = sourcecode.swift; path = RealtimeDatabaseServise.swift; sourceTree = "<group>"; };
		1FFF6E822ADBE6FB00CFC6A2 /* UIImageView + Extensions.swift */ = {isa = PBXFileReference; lastKnownFileType = sourcecode.swift; path = "UIImageView + Extensions.swift"; sourceTree = "<group>"; };
		1FFF6E842ADC00CE00CFC6A2 /* ProfileViewController.swift */ = {isa = PBXFileReference; lastKnownFileType = sourcecode.swift; path = ProfileViewController.swift; sourceTree = "<group>"; };
		71207796B4654CC86718ECEB /* Pods-RegFlow.release.xcconfig */ = {isa = PBXFileReference; includeInIndex = 1; lastKnownFileType = text.xcconfig; name = "Pods-RegFlow.release.xcconfig"; path = "Target Support Files/Pods-RegFlow/Pods-RegFlow.release.xcconfig"; sourceTree = "<group>"; };
		AD0E23133F1A4BCF1548BA73 /* Pods_RegFlow.framework */ = {isa = PBXFileReference; explicitFileType = wrapper.framework; includeInIndex = 0; path = Pods_RegFlow.framework; sourceTree = BUILT_PRODUCTS_DIR; };
/* End PBXFileReference section */

/* Begin PBXFrameworksBuildPhase section */
		1F6CBEFF2AC0393B00616FA2 /* Frameworks */ = {
			isa = PBXFrameworksBuildPhase;
			buildActionMask = 2147483647;
			files = (
				1F6CBF242AC0441D00616FA2 /* FirebaseDatabaseSwift in Frameworks */,
				1F6CBF262AC0441D00616FA2 /* FirebaseStorage in Frameworks */,
				1F6CBF222AC0441D00616FA2 /* FirebaseDatabase in Frameworks */,
				1F6CBF202AC0441D00616FA2 /* FirebaseAuth in Frameworks */,
				A0BDDE97605993E0971FEC7E /* Pods_RegFlow.framework in Frameworks */,
				1F2C635B2AD33E0D00179162 /* FirebaseFirestore in Frameworks */,
			);
			runOnlyForDeploymentPostprocessing = 0;
		};
/* End PBXFrameworksBuildPhase section */

/* Begin PBXGroup section */
		1F2C63422AD1DF5B00179162 /* ProfileVС */ = {
			isa = PBXGroup;
			children = (
				1FFF6E842ADC00CE00CFC6A2 /* ProfileViewController.swift */,
				1F64408B2ADD59B10044E9F4 /* ProfileIfoTextView.swift */,
			);
			path = "ProfileVС";
			sourceTree = "<group>";
		};
		1F2C634B2AD2829200179162 /* AddImageVC */ = {
			isa = PBXGroup;
			children = (
				1F2C634C2AD282AF00179162 /* AddImageViewController.swift */,
			);
			path = AddImageVC;
			sourceTree = "<group>";
		};
		1F2C63542AD3279C00179162 /* Services */ = {
			isa = PBXGroup;
			children = (
				1F2C63552AD3281100179162 /* DatabaseService.swift */,
				1F2C635C2AD45F7600179162 /* FirebaseAuthPhoneService.swift */,
				1FFF6E7E2ADB3AC100CFC6A2 /* RealtimeDatabaseServise.swift */,
			);
			path = Services;
			sourceTree = "<group>";
		};
		1F2C63572AD32BAE00179162 /* Model */ = {
			isa = PBXGroup;
			children = (
				1F2C63582AD32BCB00179162 /* LocalUser.swift */,
			);
			path = Model;
			sourceTree = "<group>";
		};
		1F64408D2ADDACB10044E9F4 /* LoginVC */ = {
			isa = PBXGroup;
			children = (
				1F64408E2ADDB3850044E9F4 /* LoginViewController.swift */,
			);
			path = LoginVC;
			sourceTree = "<group>";
		};
		1F6CBEF92AC0393B00616FA2 = {
			isa = PBXGroup;
			children = (
				1F6CBF042AC0393B00616FA2 /* RegFlow */,
				1F6CBF032AC0393B00616FA2 /* Products */,
				FF4F695AE8CE6F5413D7D058 /* Pods */,
				D56DC9EC83BE26496145A6EF /* Frameworks */,
			);
			sourceTree = "<group>";
		};
		1F6CBF032AC0393B00616FA2 /* Products */ = {
			isa = PBXGroup;
			children = (
				1F6CBF022AC0393B00616FA2 /* RegFlow.app */,
			);
			name = Products;
			sourceTree = "<group>";
		};
		1F6CBF042AC0393B00616FA2 /* RegFlow */ = {
			isa = PBXGroup;
			children = (
				1F6CBF052AC0393B00616FA2 /* AppDelegate.swift */,
				1F6CBF072AC0393C00616FA2 /* SceneDelegate.swift */,
				1F6CBF092AC0393C00616FA2 /* ViewController.swift */,
				1F6CBF0B2AC0393C00616FA2 /* Main.storyboard */,
				1F64408D2ADDACB10044E9F4 /* LoginVC */,
				1F2C634B2AD2829200179162 /* AddImageVC */,
				1F2C63422AD1DF5B00179162 /* ProfileVС */,
				1FB1A5EC2AD1A87D00F83370 /* DataVC */,
				1FB1A5D12AD03E5D00F83370 /* EnterPhoneVC */,
				1FB1A5D02AD03E0100F83370 /* VerifyCodeVC */,
				1FB1A5C52ACD30EA00F83370 /* Extensions */,
				1F2C63542AD3279C00179162 /* Services */,
				1F2C63572AD32BAE00179162 /* Model */,
				1F6CBF0E2AC0393F00616FA2 /* Assets.xcassets */,
				1F6CBF102AC0393F00616FA2 /* LaunchScreen.storyboard */,
				1F6CBF132AC0393F00616FA2 /* Info.plist */,
				1F6CBF1B2AC042A000616FA2 /* GoogleService-Info.plist */,
			);
			path = RegFlow;
			sourceTree = "<group>";
		};
		1FB1A5C52ACD30EA00F83370 /* Extensions */ = {
			isa = PBXGroup;
			children = (
				1FB1A5C62ACD312900F83370 /* UIViewController + Extensions.swift */,
				1FFF6E822ADBE6FB00CFC6A2 /* UIImageView + Extensions.swift */,
				1F2C634E2AD2891D00179162 /* UIImage  + Extensions.swift */,
				1F2C63522AD30B2A00179162 /* UIButton + Extensions.swift */,
				1F7ABC162AD9DDCF00DA36E5 /* UILabel + Extensions.swift */,
			);
			path = Extensions;
			sourceTree = "<group>";
		};
		1FB1A5D02AD03E0100F83370 /* VerifyCodeVC */ = {
			isa = PBXGroup;
			children = (
				1FB1A5BD2ACC150D00F83370 /* VerifyTextField.swift */,
				1FB1A5C32ACC183E00F83370 /* VerifyView.swift */,
				1FB1A5BF2ACC17E400F83370 /* VerifyCodeViewController.swift */,
				1FB1A5C02ACC17E400F83370 /* VerifyCodeViewController.xib */,
			);
			path = VerifyCodeVC;
			sourceTree = "<group>";
		};
		1FB1A5D12AD03E5D00F83370 /* EnterPhoneVC */ = {
			isa = PBXGroup;
			children = (
				1F6CBF272AC0598C00616FA2 /* EnterPhoneNumberViewController.swift */,
				1F6CBF282AC0598C00616FA2 /* EnterPhoneNumberViewController.xib */,
			);
			path = EnterPhoneVC;
			sourceTree = "<group>";
		};
		1FB1A5EC2AD1A87D00F83370 /* DataVC */ = {
			isa = PBXGroup;
			children = (
				1FB1A5EF2AD1A8F900F83370 /* DataTextField.swift */,
				1FB1A5F32AD1A92C00F83370 /* DataView.swift */,
				1FB1A5F12AD1A90900F83370 /* DataViewController.swift */,
			);
			path = DataVC;
			sourceTree = "<group>";
		};
		D56DC9EC83BE26496145A6EF /* Frameworks */ = {
			isa = PBXGroup;
			children = (
				AD0E23133F1A4BCF1548BA73 /* Pods_RegFlow.framework */,
			);
			name = Frameworks;
			sourceTree = "<group>";
		};
		FF4F695AE8CE6F5413D7D058 /* Pods */ = {
			isa = PBXGroup;
			children = (
				08E75FA5FBCE3A62BF6074C9 /* Pods-RegFlow.debug.xcconfig */,
				71207796B4654CC86718ECEB /* Pods-RegFlow.release.xcconfig */,
			);
			path = Pods;
			sourceTree = "<group>";
		};
/* End PBXGroup section */

/* Begin PBXNativeTarget section */
		1F6CBF012AC0393B00616FA2 /* RegFlow */ = {
			isa = PBXNativeTarget;
			buildConfigurationList = 1F6CBF162AC0393F00616FA2 /* Build configuration list for PBXNativeTarget "RegFlow" */;
			buildPhases = (
				23581220522BEED6928B1A58 /* [CP] Check Pods Manifest.lock */,
				1F6CBEFE2AC0393B00616FA2 /* Sources */,
				1F6CBEFF2AC0393B00616FA2 /* Frameworks */,
				1F6CBF002AC0393B00616FA2 /* Resources */,
				BB4879B65347B2A2ECCAB96B /* [CP] Embed Pods Frameworks */,
			);
			buildRules = (
			);
			dependencies = (
			);
			name = RegFlow;
			packageProductDependencies = (
				1F6CBF1F2AC0441D00616FA2 /* FirebaseAuth */,
				1F6CBF212AC0441D00616FA2 /* FirebaseDatabase */,
				1F6CBF232AC0441D00616FA2 /* FirebaseDatabaseSwift */,
				1F6CBF252AC0441D00616FA2 /* FirebaseStorage */,
				1F2C635A2AD33E0D00179162 /* FirebaseFirestore */,
			);
			productName = RegFlow;
			productReference = 1F6CBF022AC0393B00616FA2 /* RegFlow.app */;
			productType = "com.apple.product-type.application";
		};
/* End PBXNativeTarget section */

/* Begin PBXProject section */
		1F6CBEFA2AC0393B00616FA2 /* Project object */ = {
			isa = PBXProject;
			attributes = {
				BuildIndependentTargetsInParallel = 1;
				LastSwiftUpdateCheck = 1320;
				LastUpgradeCheck = 1320;
				TargetAttributes = {
					1F6CBF012AC0393B00616FA2 = {
						CreatedOnToolsVersion = 13.2.1;
					};
				};
			};
			buildConfigurationList = 1F6CBEFD2AC0393B00616FA2 /* Build configuration list for PBXProject "RegFlow" */;
			compatibilityVersion = "Xcode 13.0";
			developmentRegion = en;
			hasScannedForEncodings = 0;
			knownRegions = (
				en,
				Base,
			);
			mainGroup = 1F6CBEF92AC0393B00616FA2;
			packageReferences = (
				1F6CBF1E2AC0441D00616FA2 /* XCRemoteSwiftPackageReference "firebase-ios-sdk" */,
			);
			productRefGroup = 1F6CBF032AC0393B00616FA2 /* Products */;
			projectDirPath = "";
			projectRoot = "";
			targets = (
				1F6CBF012AC0393B00616FA2 /* RegFlow */,
			);
		};
/* End PBXProject section */

/* Begin PBXResourcesBuildPhase section */
		1F6CBF002AC0393B00616FA2 /* Resources */ = {
			isa = PBXResourcesBuildPhase;
			buildActionMask = 2147483647;
			files = (
				1F6CBF122AC0393F00616FA2 /* LaunchScreen.storyboard in Resources */,
				1F6CBF1C2AC042A000616FA2 /* GoogleService-Info.plist in Resources */,
				1FB1A5C22ACC17E400F83370 /* VerifyCodeViewController.xib in Resources */,
				1F6CBF2A2AC0598C00616FA2 /* EnterPhoneNumberViewController.xib in Resources */,
				1F6CBF0F2AC0393F00616FA2 /* Assets.xcassets in Resources */,
				1F6CBF0D2AC0393C00616FA2 /* Main.storyboard in Resources */,
			);
			runOnlyForDeploymentPostprocessing = 0;
		};
/* End PBXResourcesBuildPhase section */

/* Begin PBXShellScriptBuildPhase section */
		23581220522BEED6928B1A58 /* [CP] Check Pods Manifest.lock */ = {
			isa = PBXShellScriptBuildPhase;
			buildActionMask = 2147483647;
			files = (
			);
			inputFileListPaths = (
			);
			inputPaths = (
				"${PODS_PODFILE_DIR_PATH}/Podfile.lock",
				"${PODS_ROOT}/Manifest.lock",
			);
			name = "[CP] Check Pods Manifest.lock";
			outputFileListPaths = (
			);
			outputPaths = (
				"$(DERIVED_FILE_DIR)/Pods-RegFlow-checkManifestLockResult.txt",
			);
			runOnlyForDeploymentPostprocessing = 0;
			shellPath = /bin/sh;
			shellScript = "diff \"${PODS_PODFILE_DIR_PATH}/Podfile.lock\" \"${PODS_ROOT}/Manifest.lock\" > /dev/null\nif [ $? != 0 ] ; then\n    # print error to STDERR\n    echo \"error: The sandbox is not in sync with the Podfile.lock. Run 'pod install' or update your CocoaPods installation.\" >&2\n    exit 1\nfi\n# This output is used by Xcode 'outputs' to avoid re-running this script phase.\necho \"SUCCESS\" > \"${SCRIPT_OUTPUT_FILE_0}\"\n";
			showEnvVarsInLog = 0;
		};
		BB4879B65347B2A2ECCAB96B /* [CP] Embed Pods Frameworks */ = {
			isa = PBXShellScriptBuildPhase;
			buildActionMask = 2147483647;
			files = (
			);
			inputFileListPaths = (
				"${PODS_ROOT}/Target Support Files/Pods-RegFlow/Pods-RegFlow-frameworks-${CONFIGURATION}-input-files.xcfilelist",
			);
			name = "[CP] Embed Pods Frameworks";
			outputFileListPaths = (
				"${PODS_ROOT}/Target Support Files/Pods-RegFlow/Pods-RegFlow-frameworks-${CONFIGURATION}-output-files.xcfilelist",
			);
			runOnlyForDeploymentPostprocessing = 0;
			shellPath = /bin/sh;
			shellScript = "\"${PODS_ROOT}/Target Support Files/Pods-RegFlow/Pods-RegFlow-frameworks.sh\"\n";
			showEnvVarsInLog = 0;
		};
/* End PBXShellScriptBuildPhase section */

/* Begin PBXSourcesBuildPhase section */
		1F6CBEFE2AC0393B00616FA2 /* Sources */ = {
			isa = PBXSourcesBuildPhase;
			buildActionMask = 2147483647;
			files = (
				1FB1A5F02AD1A8FA00F83370 /* DataTextField.swift in Sources */,
				1FB1A5BE2ACC150D00F83370 /* VerifyTextField.swift in Sources */,
				1F64408C2ADD59B10044E9F4 /* ProfileIfoTextView.swift in Sources */,
				1F64408F2ADDB3850044E9F4 /* LoginViewController.swift in Sources */,
				1FB1A5C72ACD312900F83370 /* UIViewController + Extensions.swift in Sources */,
				1F2C635D2AD45F7700179162 /* FirebaseAuthPhoneService.swift in Sources */,
				1F6CBF0A2AC0393C00616FA2 /* ViewController.swift in Sources */,
				1F6CBF062AC0393B00616FA2 /* AppDelegate.swift in Sources */,
				1F2C63532AD30B2B00179162 /* UIButton + Extensions.swift in Sources */,
				1F7ABC172AD9DDCF00DA36E5 /* UILabel + Extensions.swift in Sources */,
				1F2C63562AD3281100179162 /* DatabaseService.swift in Sources */,
				1F2C63592AD32BCB00179162 /* LocalUser.swift in Sources */,
				1FFF6E832ADBE6FB00CFC6A2 /* UIImageView + Extensions.swift in Sources */,
				1FB1A5F42AD1A92C00F83370 /* DataView.swift in Sources */,
				1FB1A5C42ACC183E00F83370 /* VerifyView.swift in Sources */,
				1FB1A5F22AD1A90900F83370 /* DataViewController.swift in Sources */,
				1FB1A5C12ACC17E400F83370 /* VerifyCodeViewController.swift in Sources */,
				1F2C634D2AD282AF00179162 /* AddImageViewController.swift in Sources */,
				1F2C634F2AD2891D00179162 /* UIImage  + Extensions.swift in Sources */,
				1FFF6E7F2ADB3AC100CFC6A2 /* RealtimeDatabaseServise.swift in Sources */,
				1FFF6E852ADC00CE00CFC6A2 /* ProfileViewController.swift in Sources */,
				1F6CBF082AC0393C00616FA2 /* SceneDelegate.swift in Sources */,
				1F6CBF292AC0598C00616FA2 /* EnterPhoneNumberViewController.swift in Sources */,
			);
			runOnlyForDeploymentPostprocessing = 0;
		};
/* End PBXSourcesBuildPhase section */

/* Begin PBXVariantGroup section */
		1F6CBF0B2AC0393C00616FA2 /* Main.storyboard */ = {
			isa = PBXVariantGroup;
			children = (
				1F6CBF0C2AC0393C00616FA2 /* Base */,
			);
			name = Main.storyboard;
			sourceTree = "<group>";
		};
		1F6CBF102AC0393F00616FA2 /* LaunchScreen.storyboard */ = {
			isa = PBXVariantGroup;
			children = (
				1F6CBF112AC0393F00616FA2 /* Base */,
			);
			name = LaunchScreen.storyboard;
			sourceTree = "<group>";
		};
/* End PBXVariantGroup section */

/* Begin XCBuildConfiguration section */
		1F6CBF142AC0393F00616FA2 /* Debug */ = {
			isa = XCBuildConfiguration;
			buildSettings = {
				ALWAYS_SEARCH_USER_PATHS = NO;
				CLANG_ANALYZER_NONNULL = YES;
				CLANG_ANALYZER_NUMBER_OBJECT_CONVERSION = YES_AGGRESSIVE;
				CLANG_CXX_LANGUAGE_STANDARD = "gnu++17";
				CLANG_CXX_LIBRARY = "libc++";
				CLANG_ENABLE_MODULES = YES;
				CLANG_ENABLE_OBJC_ARC = YES;
				CLANG_ENABLE_OBJC_WEAK = YES;
				CLANG_WARN_BLOCK_CAPTURE_AUTORELEASING = YES;
				CLANG_WARN_BOOL_CONVERSION = YES;
				CLANG_WARN_COMMA = YES;
				CLANG_WARN_CONSTANT_CONVERSION = YES;
				CLANG_WARN_DEPRECATED_OBJC_IMPLEMENTATIONS = YES;
				CLANG_WARN_DIRECT_OBJC_ISA_USAGE = YES_ERROR;
				CLANG_WARN_DOCUMENTATION_COMMENTS = YES;
				CLANG_WARN_EMPTY_BODY = YES;
				CLANG_WARN_ENUM_CONVERSION = YES;
				CLANG_WARN_INFINITE_RECURSION = YES;
				CLANG_WARN_INT_CONVERSION = YES;
				CLANG_WARN_NON_LITERAL_NULL_CONVERSION = YES;
				CLANG_WARN_OBJC_IMPLICIT_RETAIN_SELF = YES;
				CLANG_WARN_OBJC_LITERAL_CONVERSION = YES;
				CLANG_WARN_OBJC_ROOT_CLASS = YES_ERROR;
				CLANG_WARN_QUOTED_INCLUDE_IN_FRAMEWORK_HEADER = YES;
				CLANG_WARN_RANGE_LOOP_ANALYSIS = YES;
				CLANG_WARN_STRICT_PROTOTYPES = YES;
				CLANG_WARN_SUSPICIOUS_MOVE = YES;
				CLANG_WARN_UNGUARDED_AVAILABILITY = YES_AGGRESSIVE;
				CLANG_WARN_UNREACHABLE_CODE = YES;
				CLANG_WARN__DUPLICATE_METHOD_MATCH = YES;
				COPY_PHASE_STRIP = NO;
				DEBUG_INFORMATION_FORMAT = dwarf;
				ENABLE_STRICT_OBJC_MSGSEND = YES;
				ENABLE_TESTABILITY = YES;
				GCC_C_LANGUAGE_STANDARD = gnu11;
				GCC_DYNAMIC_NO_PIC = NO;
				GCC_NO_COMMON_BLOCKS = YES;
				GCC_OPTIMIZATION_LEVEL = 0;
				GCC_PREPROCESSOR_DEFINITIONS = (
					"DEBUG=1",
					"$(inherited)",
				);
				GCC_WARN_64_TO_32_BIT_CONVERSION = YES;
				GCC_WARN_ABOUT_RETURN_TYPE = YES_ERROR;
				GCC_WARN_UNDECLARED_SELECTOR = YES;
				GCC_WARN_UNINITIALIZED_AUTOS = YES_AGGRESSIVE;
				GCC_WARN_UNUSED_FUNCTION = YES;
				GCC_WARN_UNUSED_VARIABLE = YES;
				IPHONEOS_DEPLOYMENT_TARGET = 15.2;
				MTL_ENABLE_DEBUG_INFO = INCLUDE_SOURCE;
				MTL_FAST_MATH = YES;
				ONLY_ACTIVE_ARCH = YES;
				SDKROOT = iphoneos;
				SWIFT_ACTIVE_COMPILATION_CONDITIONS = DEBUG;
				SWIFT_OPTIMIZATION_LEVEL = "-Onone";
			};
			name = Debug;
		};
		1F6CBF152AC0393F00616FA2 /* Release */ = {
			isa = XCBuildConfiguration;
			buildSettings = {
				ALWAYS_SEARCH_USER_PATHS = NO;
				CLANG_ANALYZER_NONNULL = YES;
				CLANG_ANALYZER_NUMBER_OBJECT_CONVERSION = YES_AGGRESSIVE;
				CLANG_CXX_LANGUAGE_STANDARD = "gnu++17";
				CLANG_CXX_LIBRARY = "libc++";
				CLANG_ENABLE_MODULES = YES;
				CLANG_ENABLE_OBJC_ARC = YES;
				CLANG_ENABLE_OBJC_WEAK = YES;
				CLANG_WARN_BLOCK_CAPTURE_AUTORELEASING = YES;
				CLANG_WARN_BOOL_CONVERSION = YES;
				CLANG_WARN_COMMA = YES;
				CLANG_WARN_CONSTANT_CONVERSION = YES;
				CLANG_WARN_DEPRECATED_OBJC_IMPLEMENTATIONS = YES;
				CLANG_WARN_DIRECT_OBJC_ISA_USAGE = YES_ERROR;
				CLANG_WARN_DOCUMENTATION_COMMENTS = YES;
				CLANG_WARN_EMPTY_BODY = YES;
				CLANG_WARN_ENUM_CONVERSION = YES;
				CLANG_WARN_INFINITE_RECURSION = YES;
				CLANG_WARN_INT_CONVERSION = YES;
				CLANG_WARN_NON_LITERAL_NULL_CONVERSION = YES;
				CLANG_WARN_OBJC_IMPLICIT_RETAIN_SELF = YES;
				CLANG_WARN_OBJC_LITERAL_CONVERSION = YES;
				CLANG_WARN_OBJC_ROOT_CLASS = YES_ERROR;
				CLANG_WARN_QUOTED_INCLUDE_IN_FRAMEWORK_HEADER = YES;
				CLANG_WARN_RANGE_LOOP_ANALYSIS = YES;
				CLANG_WARN_STRICT_PROTOTYPES = YES;
				CLANG_WARN_SUSPICIOUS_MOVE = YES;
				CLANG_WARN_UNGUARDED_AVAILABILITY = YES_AGGRESSIVE;
				CLANG_WARN_UNREACHABLE_CODE = YES;
				CLANG_WARN__DUPLICATE_METHOD_MATCH = YES;
				COPY_PHASE_STRIP = NO;
				DEBUG_INFORMATION_FORMAT = "dwarf-with-dsym";
				ENABLE_NS_ASSERTIONS = NO;
				ENABLE_STRICT_OBJC_MSGSEND = YES;
				GCC_C_LANGUAGE_STANDARD = gnu11;
				GCC_NO_COMMON_BLOCKS = YES;
				GCC_WARN_64_TO_32_BIT_CONVERSION = YES;
				GCC_WARN_ABOUT_RETURN_TYPE = YES_ERROR;
				GCC_WARN_UNDECLARED_SELECTOR = YES;
				GCC_WARN_UNINITIALIZED_AUTOS = YES_AGGRESSIVE;
				GCC_WARN_UNUSED_FUNCTION = YES;
				GCC_WARN_UNUSED_VARIABLE = YES;
				IPHONEOS_DEPLOYMENT_TARGET = 15.2;
				MTL_ENABLE_DEBUG_INFO = NO;
				MTL_FAST_MATH = YES;
				SDKROOT = iphoneos;
				SWIFT_COMPILATION_MODE = wholemodule;
				SWIFT_OPTIMIZATION_LEVEL = "-O";
				VALIDATE_PRODUCT = YES;
			};
			name = Release;
		};
		1F6CBF172AC0393F00616FA2 /* Debug */ = {
			isa = XCBuildConfiguration;
			baseConfigurationReference = 08E75FA5FBCE3A62BF6074C9 /* Pods-RegFlow.debug.xcconfig */;
			buildSettings = {
				ASSETCATALOG_COMPILER_APPICON_NAME = AppIcon;
				ASSETCATALOG_COMPILER_GLOBAL_ACCENT_COLOR_NAME = AccentColor;
				CODE_SIGN_STYLE = Automatic;
				CURRENT_PROJECT_VERSION = 1;
				GENERATE_INFOPLIST_FILE = YES;
				INFOPLIST_FILE = RegFlow/Info.plist;
				INFOPLIST_KEY_CFBundleDisplayName = RegFlow;
				INFOPLIST_KEY_UIApplicationSupportsIndirectInputEvents = YES;
				INFOPLIST_KEY_UILaunchStoryboardName = LaunchScreen;
				INFOPLIST_KEY_UIMainStoryboardFile = Main;
				INFOPLIST_KEY_UISupportedInterfaceOrientations = UIInterfaceOrientationPortrait;
				INFOPLIST_KEY_UISupportedInterfaceOrientations_iPad = "UIInterfaceOrientationPortrait UIInterfaceOrientationPortraitUpsideDown UIInterfaceOrientationLandscapeLeft UIInterfaceOrientationLandscapeRight";
				INFOPLIST_KEY_UISupportedInterfaceOrientations_iPhone = "UIInterfaceOrientationPortrait UIInterfaceOrientationLandscapeLeft UIInterfaceOrientationLandscapeRight";
				LD_RUNPATH_SEARCH_PATHS = (
					"$(inherited)",
					"@executable_path/Frameworks",
				);
				MARKETING_VERSION = 1.0;
				PRODUCT_BUNDLE_IDENTIFIER = com.terra.RegFlow;
				PRODUCT_NAME = "$(TARGET_NAME)";
				SWIFT_EMIT_LOC_STRINGS = YES;
				SWIFT_VERSION = 5.0;
				TARGETED_DEVICE_FAMILY = "1,2";
			};
			name = Debug;
		};
		1F6CBF182AC0393F00616FA2 /* Release */ = {
			isa = XCBuildConfiguration;
			baseConfigurationReference = 71207796B4654CC86718ECEB /* Pods-RegFlow.release.xcconfig */;
			buildSettings = {
				ASSETCATALOG_COMPILER_APPICON_NAME = AppIcon;
				ASSETCATALOG_COMPILER_GLOBAL_ACCENT_COLOR_NAME = AccentColor;
				CODE_SIGN_STYLE = Automatic;
				CURRENT_PROJECT_VERSION = 1;
				GENERATE_INFOPLIST_FILE = YES;
				INFOPLIST_FILE = RegFlow/Info.plist;
				INFOPLIST_KEY_CFBundleDisplayName = RegFlow;
				INFOPLIST_KEY_UIApplicationSupportsIndirectInputEvents = YES;
				INFOPLIST_KEY_UILaunchStoryboardName = LaunchScreen;
				INFOPLIST_KEY_UIMainStoryboardFile = Main;
				INFOPLIST_KEY_UISupportedInterfaceOrientations = UIInterfaceOrientationPortrait;
				INFOPLIST_KEY_UISupportedInterfaceOrientations_iPad = "UIInterfaceOrientationPortrait UIInterfaceOrientationPortraitUpsideDown UIInterfaceOrientationLandscapeLeft UIInterfaceOrientationLandscapeRight";
				INFOPLIST_KEY_UISupportedInterfaceOrientations_iPhone = "UIInterfaceOrientationPortrait UIInterfaceOrientationLandscapeLeft UIInterfaceOrientationLandscapeRight";
				LD_RUNPATH_SEARCH_PATHS = (
					"$(inherited)",
					"@executable_path/Frameworks",
				);
				MARKETING_VERSION = 1.0;
				PRODUCT_BUNDLE_IDENTIFIER = com.terra.RegFlow;
				PRODUCT_NAME = "$(TARGET_NAME)";
				SWIFT_EMIT_LOC_STRINGS = YES;
				SWIFT_VERSION = 5.0;
				TARGETED_DEVICE_FAMILY = "1,2";
			};
			name = Release;
		};
/* End XCBuildConfiguration section */

/* Begin XCConfigurationList section */
		1F6CBEFD2AC0393B00616FA2 /* Build configuration list for PBXProject "RegFlow" */ = {
			isa = XCConfigurationList;
			buildConfigurations = (
				1F6CBF142AC0393F00616FA2 /* Debug */,
				1F6CBF152AC0393F00616FA2 /* Release */,
			);
			defaultConfigurationIsVisible = 0;
			defaultConfigurationName = Release;
		};
		1F6CBF162AC0393F00616FA2 /* Build configuration list for PBXNativeTarget "RegFlow" */ = {
			isa = XCConfigurationList;
			buildConfigurations = (
				1F6CBF172AC0393F00616FA2 /* Debug */,
				1F6CBF182AC0393F00616FA2 /* Release */,
			);
			defaultConfigurationIsVisible = 0;
			defaultConfigurationName = Release;
		};
/* End XCConfigurationList section */

/* Begin XCRemoteSwiftPackageReference section */
		1F6CBF1E2AC0441D00616FA2 /* XCRemoteSwiftPackageReference "firebase-ios-sdk" */ = {
			isa = XCRemoteSwiftPackageReference;
			repositoryURL = "https://github.com/firebase/firebase-ios-sdk";
			requirement = {
				kind = versionRange;
				maximumVersion = 10.0.0;
				minimumVersion = 8.0.0;
			};
		};
/* End XCRemoteSwiftPackageReference section */

/* Begin XCSwiftPackageProductDependency section */
		1F2C635A2AD33E0D00179162 /* FirebaseFirestore */ = {
			isa = XCSwiftPackageProductDependency;
			package = 1F6CBF1E2AC0441D00616FA2 /* XCRemoteSwiftPackageReference "firebase-ios-sdk" */;
			productName = FirebaseFirestore;
		};
		1F6CBF1F2AC0441D00616FA2 /* FirebaseAuth */ = {
			isa = XCSwiftPackageProductDependency;
			package = 1F6CBF1E2AC0441D00616FA2 /* XCRemoteSwiftPackageReference "firebase-ios-sdk" */;
			productName = FirebaseAuth;
		};
		1F6CBF212AC0441D00616FA2 /* FirebaseDatabase */ = {
			isa = XCSwiftPackageProductDependency;
			package = 1F6CBF1E2AC0441D00616FA2 /* XCRemoteSwiftPackageReference "firebase-ios-sdk" */;
			productName = FirebaseDatabase;
		};
		1F6CBF232AC0441D00616FA2 /* FirebaseDatabaseSwift */ = {
			isa = XCSwiftPackageProductDependency;
			package = 1F6CBF1E2AC0441D00616FA2 /* XCRemoteSwiftPackageReference "firebase-ios-sdk" */;
			productName = FirebaseDatabaseSwift;
		};
		1F6CBF252AC0441D00616FA2 /* FirebaseStorage */ = {
			isa = XCSwiftPackageProductDependency;
			package = 1F6CBF1E2AC0441D00616FA2 /* XCRemoteSwiftPackageReference "firebase-ios-sdk" */;
			productName = FirebaseStorage;
		};
/* End XCSwiftPackageProductDependency section */
	};
	rootObject = 1F6CBEFA2AC0393B00616FA2 /* Project object */;
}
